
Microsoft Visual Studio Solution File, Format Version 12.00
# Visual Studio Version 16
VisualStudioVersion = 16.0.32428.217
MinimumVisualStudioVersion = 10.0.40219.1
Project("{9A19103F-16F7-4668-BE54-9A1E7A4F7556}") = "API", "API.csproj", "{E4B19B6D-0E1C-4A21-8F0C-8DCC7C032A6A}"
EndProject
Project("{FAE04EC0-301F-11D3-BF4B-00C04F79EFBC}") = "Client", "..\Client\Client.csproj", "{61A7458C-0C85-4EE5-8BCB-DF1E6A2F82BC}"
EndProject
Global
	GlobalSection(SolutionConfigurationPlatforms) = preSolution
		Debug|Any CPU = Debug|Any CPU
		Release|Any CPU = Release|Any CPU
	EndGlobalSection
	GlobalSection(ProjectConfigurationPlatforms) = postSolution
		{E4B19B6D-0E1C-4A21-8F0C-8DCC7C032A6A}.Debug|Any CPU.ActiveCfg = Debug|Any CPU
		{E4B19B6D-0E1C-4A21-8F0C-8DCC7C032A6A}.Debug|Any CPU.Build.0 = Debug|Any CPU
		{E4B19B6D-0E1C-4A21-8F0C-8DCC7C032A6A}.Release|Any CPU.ActiveCfg = Release|Any CPU
		{E4B19B6D-0E1C-4A21-8F0C-8DCC7C032A6A}.Release|Any CPU.Build.0 = Release|Any CPU
		{61A7458C-0C85-4EE5-8BCB-DF1E6A2F82BC}.Debug|Any CPU.ActiveCfg = Debug|Any CPU
		{61A7458C-0C85-4EE5-8BCB-DF1E6A2F82BC}.Debug|Any CPU.Build.0 = Debug|Any CPU
		{61A7458C-0C85-4EE5-8BCB-DF1E6A2F82BC}.Release|Any CPU.ActiveCfg = Release|Any CPU
		{61A7458C-0C85-4EE5-8BCB-DF1E6A2F82BC}.Release|Any CPU.Build.0 = Release|Any CPU
	EndGlobalSection
	GlobalSection(SolutionProperties) = preSolution
		HideSolutionNode = FALSE
	EndGlobalSection
	GlobalSection(ExtensibilityGlobals) = postSolution
		SolutionGuid = {132DDD00-6E16-4B65-89A1-68981D629FEE}
	EndGlobalSection
EndGlobal
